// !$*UTF8*$!
{
	archiveVersion = 1;
	classes = {
	};
	objectVersion = 51;
	objects = {

/* Begin PBXBuildFile section */
		5A9092F2C3EF4D06CA3A1365 /* Pods_Machine_Task_RanjanaTests.framework in Frameworks */ = {isa = PBXBuildFile; fileRef = 8C252ED714425750FB25EC6C /* Pods_Machine_Task_RanjanaTests.framework */; };
		6E502D1C244484CF00406A80 /* AppDelegate.swift in Sources */ = {isa = PBXBuildFile; fileRef = 6E502D1B244484CF00406A80 /* AppDelegate.swift */; };
		6E502D1E244484CF00406A80 /* SceneDelegate.swift in Sources */ = {isa = PBXBuildFile; fileRef = 6E502D1D244484CF00406A80 /* SceneDelegate.swift */; };
		6E502D23244484CF00406A80 /* Main.storyboard in Resources */ = {isa = PBXBuildFile; fileRef = 6E502D21244484CF00406A80 /* Main.storyboard */; };
		6E502D25244484D100406A80 /* Assets.xcassets in Resources */ = {isa = PBXBuildFile; fileRef = 6E502D24244484D100406A80 /* Assets.xcassets */; };
		6E502D28244484D100406A80 /* LaunchScreen.storyboard in Resources */ = {isa = PBXBuildFile; fileRef = 6E502D26244484D100406A80 /* LaunchScreen.storyboard */; };
		6E502D33244484D100406A80 /* Machine_Task_RanjanaTests.swift in Sources */ = {isa = PBXBuildFile; fileRef = 6E502D32244484D100406A80 /* Machine_Task_RanjanaTests.swift */; };
		6E502D3E244484D100406A80 /* Machine_Task_RanjanaUITests.swift in Sources */ = {isa = PBXBuildFile; fileRef = 6E502D3D244484D100406A80 /* Machine_Task_RanjanaUITests.swift */; };
		6EB7A16624470938001702FA /* LoginViewController.swift in Sources */ = {isa = PBXBuildFile; fileRef = 6EB7A16524470938001702FA /* LoginViewController.swift */; };
		6EB7A1682447094A001702FA /* DashboardViewController.swift in Sources */ = {isa = PBXBuildFile; fileRef = 6EB7A1672447094A001702FA /* DashboardViewController.swift */; };
		6EB7A16A244709E3001702FA /* CreateEmployeeViewController.swift in Sources */ = {isa = PBXBuildFile; fileRef = 6EB7A169244709E3001702FA /* CreateEmployeeViewController.swift */; };
		6EB7A16C24470A34001702FA /* EmployeesTableViewController.swift in Sources */ = {isa = PBXBuildFile; fileRef = 6EB7A16B24470A34001702FA /* EmployeesTableViewController.swift */; };
		6EB7A16E24470DCC001702FA /* RecordTemplate.swift in Sources */ = {isa = PBXBuildFile; fileRef = 6EB7A16D24470DCC001702FA /* RecordTemplate.swift */; };
		6EB7A17024470DEF001702FA /* CreateEmployeeModel.swift in Sources */ = {isa = PBXBuildFile; fileRef = 6EB7A16F24470DEF001702FA /* CreateEmployeeModel.swift */; };
		6EB7A17224470E00001702FA /* EmployeeListModel.swift in Sources */ = {isa = PBXBuildFile; fileRef = 6EB7A17124470E00001702FA /* EmployeeListModel.swift */; };
		6EB7A17524471E38001702FA /* NetworkHelper.swift in Sources */ = {isa = PBXBuildFile; fileRef = 6EB7A17424471E38001702FA /* NetworkHelper.swift */; };
		6EB7A1772447297D001702FA /* EmployeeListTableViewCell.swift in Sources */ = {isa = PBXBuildFile; fileRef = 6EB7A1762447297D001702FA /* EmployeeListTableViewCell.swift */; };
		A4D205387A4165D149B31792 /* Pods_Machine_Task_Ranjana_Machine_Task_RanjanaUITests.framework in Frameworks */ = {isa = PBXBuildFile; fileRef = 1DF2F08747A1AA6B9C7AB29E /* Pods_Machine_Task_Ranjana_Machine_Task_RanjanaUITests.framework */; };
		A6C444E6C5E5CEF82DE70913 /* Pods_Machine_Task_Ranjana.framework in Frameworks */ = {isa = PBXBuildFile; fileRef = D81ECD33B3165CAA2A0F25F0 /* Pods_Machine_Task_Ranjana.framework */; };
/* End PBXBuildFile section */

/* Begin PBXContainerItemProxy section */
		6E502D2F244484D100406A80 /* PBXContainerItemProxy */ = {
			isa = PBXContainerItemProxy;
			containerPortal = 6E502D10244484CF00406A80 /* Project object */;
			proxyType = 1;
			remoteGlobalIDString = 6E502D17244484CF00406A80;
			remoteInfo = Machine_Task_Ranjana;
		};
		6E502D3A244484D100406A80 /* PBXContainerItemProxy */ = {
			isa = PBXContainerItemProxy;
			containerPortal = 6E502D10244484CF00406A80 /* Project object */;
			proxyType = 1;
			remoteGlobalIDString = 6E502D17244484CF00406A80;
			remoteInfo = Machine_Task_Ranjana;
		};
/* End PBXContainerItemProxy section */

/* Begin PBXFileReference section */
		0281ED9B564397B80C233A8F /* Pods-Machine_Task_Ranjana-Machine_Task_RanjanaUITests.debug.xcconfig */ = {isa = PBXFileReference; includeInIndex = 1; lastKnownFileType = text.xcconfig; name = "Pods-Machine_Task_Ranjana-Machine_Task_RanjanaUITests.debug.xcconfig"; path = "Target Support Files/Pods-Machine_Task_Ranjana-Machine_Task_RanjanaUITests/Pods-Machine_Task_Ranjana-Machine_Task_RanjanaUITests.debug.xcconfig"; sourceTree = "<group>"; };
		1DF2F08747A1AA6B9C7AB29E /* Pods_Machine_Task_Ranjana_Machine_Task_RanjanaUITests.framework */ = {isa = PBXFileReference; explicitFileType = wrapper.framework; includeInIndex = 0; path = Pods_Machine_Task_Ranjana_Machine_Task_RanjanaUITests.framework; sourceTree = BUILT_PRODUCTS_DIR; };
		22FA1C8DF707518F1C007DC0 /* Pods-Machine_Task_RanjanaTests.release.xcconfig */ = {isa = PBXFileReference; includeInIndex = 1; lastKnownFileType = text.xcconfig; name = "Pods-Machine_Task_RanjanaTests.release.xcconfig"; path = "Target Support Files/Pods-Machine_Task_RanjanaTests/Pods-Machine_Task_RanjanaTests.release.xcconfig"; sourceTree = "<group>"; };
		6E502D18244484CF00406A80 /* Machine_Task_Ranjana.app */ = {isa = PBXFileReference; explicitFileType = wrapper.application; includeInIndex = 0; path = Machine_Task_Ranjana.app; sourceTree = BUILT_PRODUCTS_DIR; };
		6E502D1B244484CF00406A80 /* AppDelegate.swift */ = {isa = PBXFileReference; lastKnownFileType = sourcecode.swift; path = AppDelegate.swift; sourceTree = "<group>"; };
		6E502D1D244484CF00406A80 /* SceneDelegate.swift */ = {isa = PBXFileReference; lastKnownFileType = sourcecode.swift; path = SceneDelegate.swift; sourceTree = "<group>"; };
		6E502D22244484CF00406A80 /* Base */ = {isa = PBXFileReference; lastKnownFileType = file.storyboard; name = Base; path = Base.lproj/Main.storyboard; sourceTree = "<group>"; };
		6E502D24244484D100406A80 /* Assets.xcassets */ = {isa = PBXFileReference; lastKnownFileType = folder.assetcatalog; path = Assets.xcassets; sourceTree = "<group>"; };
		6E502D27244484D100406A80 /* Base */ = {isa = PBXFileReference; lastKnownFileType = file.storyboard; name = Base; path = Base.lproj/LaunchScreen.storyboard; sourceTree = "<group>"; };
		6E502D29244484D100406A80 /* Info.plist */ = {isa = PBXFileReference; lastKnownFileType = text.plist.xml; path = Info.plist; sourceTree = "<group>"; };
		6E502D2E244484D100406A80 /* Machine_Task_RanjanaTests.xctest */ = {isa = PBXFileReference; explicitFileType = wrapper.cfbundle; includeInIndex = 0; path = Machine_Task_RanjanaTests.xctest; sourceTree = BUILT_PRODUCTS_DIR; };
		6E502D32244484D100406A80 /* Machine_Task_RanjanaTests.swift */ = {isa = PBXFileReference; lastKnownFileType = sourcecode.swift; path = Machine_Task_RanjanaTests.swift; sourceTree = "<group>"; };
		6E502D34244484D100406A80 /* Info.plist */ = {isa = PBXFileReference; lastKnownFileType = text.plist.xml; path = Info.plist; sourceTree = "<group>"; };
		6E502D39244484D100406A80 /* Machine_Task_RanjanaUITests.xctest */ = {isa = PBXFileReference; explicitFileType = wrapper.cfbundle; includeInIndex = 0; path = Machine_Task_RanjanaUITests.xctest; sourceTree = BUILT_PRODUCTS_DIR; };
		6E502D3D244484D100406A80 /* Machine_Task_RanjanaUITests.swift */ = {isa = PBXFileReference; lastKnownFileType = sourcecode.swift; path = Machine_Task_RanjanaUITests.swift; sourceTree = "<group>"; };
		6E502D3F244484D100406A80 /* Info.plist */ = {isa = PBXFileReference; lastKnownFileType = text.plist.xml; path = Info.plist; sourceTree = "<group>"; };
		6EB7A16524470938001702FA /* LoginViewController.swift */ = {isa = PBXFileReference; lastKnownFileType = sourcecode.swift; path = LoginViewController.swift; sourceTree = "<group>"; };
		6EB7A1672447094A001702FA /* DashboardViewController.swift */ = {isa = PBXFileReference; lastKnownFileType = sourcecode.swift; path = DashboardViewController.swift; sourceTree = "<group>"; };
		6EB7A169244709E3001702FA /* CreateEmployeeViewController.swift */ = {isa = PBXFileReference; lastKnownFileType = sourcecode.swift; path = CreateEmployeeViewController.swift; sourceTree = "<group>"; };
		6EB7A16B24470A34001702FA /* EmployeesTableViewController.swift */ = {isa = PBXFileReference; lastKnownFileType = sourcecode.swift; path = EmployeesTableViewController.swift; sourceTree = "<group>"; };
		6EB7A16D24470DCC001702FA /* RecordTemplate.swift */ = {isa = PBXFileReference; lastKnownFileType = sourcecode.swift; path = RecordTemplate.swift; sourceTree = "<group>"; };
		6EB7A16F24470DEF001702FA /* CreateEmployeeModel.swift */ = {isa = PBXFileReference; lastKnownFileType = sourcecode.swift; path = CreateEmployeeModel.swift; sourceTree = "<group>"; };
		6EB7A17124470E00001702FA /* EmployeeListModel.swift */ = {isa = PBXFileReference; lastKnownFileType = sourcecode.swift; path = EmployeeListModel.swift; sourceTree = "<group>"; };
		6EB7A17424471E38001702FA /* NetworkHelper.swift */ = {isa = PBXFileReference; lastKnownFileType = sourcecode.swift; path = NetworkHelper.swift; sourceTree = "<group>"; };
		6EB7A1762447297D001702FA /* EmployeeListTableViewCell.swift */ = {isa = PBXFileReference; lastKnownFileType = sourcecode.swift; path = EmployeeListTableViewCell.swift; sourceTree = "<group>"; };
		8C252ED714425750FB25EC6C /* Pods_Machine_Task_RanjanaTests.framework */ = {isa = PBXFileReference; explicitFileType = wrapper.framework; includeInIndex = 0; path = Pods_Machine_Task_RanjanaTests.framework; sourceTree = BUILT_PRODUCTS_DIR; };
		90621E0BCF36A17066DB2AE1 /* Pods-Machine_Task_Ranjana-Machine_Task_RanjanaUITests.release.xcconfig */ = {isa = PBXFileReference; includeInIndex = 1; lastKnownFileType = text.xcconfig; name = "Pods-Machine_Task_Ranjana-Machine_Task_RanjanaUITests.release.xcconfig"; path = "Target Support Files/Pods-Machine_Task_Ranjana-Machine_Task_RanjanaUITests/Pods-Machine_Task_Ranjana-Machine_Task_RanjanaUITests.release.xcconfig"; sourceTree = "<group>"; };
		B41CA6F8EA8F7AA9E707C236 /* Pods-Machine_Task_Ranjana.release.xcconfig */ = {isa = PBXFileReference; includeInIndex = 1; lastKnownFileType = text.xcconfig; name = "Pods-Machine_Task_Ranjana.release.xcconfig"; path = "Target Support Files/Pods-Machine_Task_Ranjana/Pods-Machine_Task_Ranjana.release.xcconfig"; sourceTree = "<group>"; };
		B6D0F0DF9CCD690985CE829E /* Pods-Machine_Task_RanjanaTests.debug.xcconfig */ = {isa = PBXFileReference; includeInIndex = 1; lastKnownFileType = text.xcconfig; name = "Pods-Machine_Task_RanjanaTests.debug.xcconfig"; path = "Target Support Files/Pods-Machine_Task_RanjanaTests/Pods-Machine_Task_RanjanaTests.debug.xcconfig"; sourceTree = "<group>"; };
		D3FD4900E19C12D8AE037D25 /* Pods-Machine_Task_Ranjana.debug.xcconfig */ = {isa = PBXFileReference; includeInIndex = 1; lastKnownFileType = text.xcconfig; name = "Pods-Machine_Task_Ranjana.debug.xcconfig"; path = "Target Support Files/Pods-Machine_Task_Ranjana/Pods-Machine_Task_Ranjana.debug.xcconfig"; sourceTree = "<group>"; };
		D81ECD33B3165CAA2A0F25F0 /* Pods_Machine_Task_Ranjana.framework */ = {isa = PBXFileReference; explicitFileType = wrapper.framework; includeInIndex = 0; path = Pods_Machine_Task_Ranjana.framework; sourceTree = BUILT_PRODUCTS_DIR; };
/* End PBXFileReference section */

/* Begin PBXFrameworksBuildPhase section */
		6E502D15244484CF00406A80 /* Frameworks */ = {
			isa = PBXFrameworksBuildPhase;
			buildActionMask = 2147483647;
			files = (
				A6C444E6C5E5CEF82DE70913 /* Pods_Machine_Task_Ranjana.framework in Frameworks */,
			);
			runOnlyForDeploymentPostprocessing = 0;
		};
		6E502D2B244484D100406A80 /* Frameworks */ = {
			isa = PBXFrameworksBuildPhase;
			buildActionMask = 2147483647;
			files = (
				5A9092F2C3EF4D06CA3A1365 /* Pods_Machine_Task_RanjanaTests.framework in Frameworks */,
			);
			runOnlyForDeploymentPostprocessing = 0;
		};
		6E502D36244484D100406A80 /* Frameworks */ = {
			isa = PBXFrameworksBuildPhase;
			buildActionMask = 2147483647;
			files = (
				A4D205387A4165D149B31792 /* Pods_Machine_Task_Ranjana_Machine_Task_RanjanaUITests.framework in Frameworks */,
			);
			runOnlyForDeploymentPostprocessing = 0;
		};
/* End PBXFrameworksBuildPhase section */

/* Begin PBXGroup section */
		0E80F0297FFAA1C7A79659BD /* Pods */ = {
			isa = PBXGroup;
			children = (
				D3FD4900E19C12D8AE037D25 /* Pods-Machine_Task_Ranjana.debug.xcconfig */,
				B41CA6F8EA8F7AA9E707C236 /* Pods-Machine_Task_Ranjana.release.xcconfig */,
				0281ED9B564397B80C233A8F /* Pods-Machine_Task_Ranjana-Machine_Task_RanjanaUITests.debug.xcconfig */,
				90621E0BCF36A17066DB2AE1 /* Pods-Machine_Task_Ranjana-Machine_Task_RanjanaUITests.release.xcconfig */,
				B6D0F0DF9CCD690985CE829E /* Pods-Machine_Task_RanjanaTests.debug.xcconfig */,
				22FA1C8DF707518F1C007DC0 /* Pods-Machine_Task_RanjanaTests.release.xcconfig */,
			);
			path = Pods;
			sourceTree = "<group>";
		};
		60BA0E2AF146E09097DA3FD1 /* Frameworks */ = {
			isa = PBXGroup;
			children = (
				D81ECD33B3165CAA2A0F25F0 /* Pods_Machine_Task_Ranjana.framework */,
				1DF2F08747A1AA6B9C7AB29E /* Pods_Machine_Task_Ranjana_Machine_Task_RanjanaUITests.framework */,
				8C252ED714425750FB25EC6C /* Pods_Machine_Task_RanjanaTests.framework */,
			);
			name = Frameworks;
			sourceTree = "<group>";
		};
		6E502D0F244484CF00406A80 = {
			isa = PBXGroup;
			children = (
				6E502D1A244484CF00406A80 /* Machine_Task_Ranjana */,
				6E502D31244484D100406A80 /* Machine_Task_RanjanaTests */,
				6E502D3C244484D100406A80 /* Machine_Task_RanjanaUITests */,
				6E502D19244484CF00406A80 /* Products */,
				0E80F0297FFAA1C7A79659BD /* Pods */,
				60BA0E2AF146E09097DA3FD1 /* Frameworks */,
			);
			sourceTree = "<group>";
		};
		6E502D19244484CF00406A80 /* Products */ = {
			isa = PBXGroup;
			children = (
				6E502D18244484CF00406A80 /* Machine_Task_Ranjana.app */,
				6E502D2E244484D100406A80 /* Machine_Task_RanjanaTests.xctest */,
				6E502D39244484D100406A80 /* Machine_Task_RanjanaUITests.xctest */,
			);
			name = Products;
			sourceTree = "<group>";
		};
		6E502D1A244484CF00406A80 /* Machine_Task_Ranjana */ = {
			isa = PBXGroup;
			children = (
				6EB7A16224470474001702FA /* Models */,
				6EB7A16424470504001702FA /* Controller */,
				6EB7A17324470E1E001702FA /* Services */,
				6E502D1B244484CF00406A80 /* AppDelegate.swift */,
				6E502D1D244484CF00406A80 /* SceneDelegate.swift */,
				6E502D24244484D100406A80 /* Assets.xcassets */,
				6E502D21244484CF00406A80 /* Main.storyboard */,
				6E502D26244484D100406A80 /* LaunchScreen.storyboard */,
				6E502D29244484D100406A80 /* Info.plist */,
			);
			path = Machine_Task_Ranjana;
			sourceTree = "<group>";
		};
		6E502D31244484D100406A80 /* Machine_Task_RanjanaTests */ = {
			isa = PBXGroup;
			children = (
				6E502D32244484D100406A80 /* Machine_Task_RanjanaTests.swift */,
				6E502D34244484D100406A80 /* Info.plist */,
			);
			path = Machine_Task_RanjanaTests;
			sourceTree = "<group>";
		};
		6E502D3C244484D100406A80 /* Machine_Task_RanjanaUITests */ = {
			isa = PBXGroup;
			children = (
				6E502D3D244484D100406A80 /* Machine_Task_RanjanaUITests.swift */,
				6E502D3F244484D100406A80 /* Info.plist */,
			);
			path = Machine_Task_RanjanaUITests;
			sourceTree = "<group>";
		};
		6EB7A16224470474001702FA /* Models */ = {
			isa = PBXGroup;
			children = (
				6EB7A16D24470DCC001702FA /* RecordTemplate.swift */,
				6EB7A16F24470DEF001702FA /* CreateEmployeeModel.swift */,
				6EB7A17124470E00001702FA /* EmployeeListModel.swift */,
			);
			path = Models;
			sourceTree = "<group>";
		};
		6EB7A16424470504001702FA /* Controller */ = {
			isa = PBXGroup;
			children = (
				6EB7A16524470938001702FA /* LoginViewController.swift */,
				6EB7A1672447094A001702FA /* DashboardViewController.swift */,
				6EB7A169244709E3001702FA /* CreateEmployeeViewController.swift */,
				6EB7A16B24470A34001702FA /* EmployeesTableViewController.swift */,
				6EB7A1762447297D001702FA /* EmployeeListTableViewCell.swift */,
			);
			path = Controller;
			sourceTree = "<group>";
		};
		6EB7A17324470E1E001702FA /* Services */ = {
			isa = PBXGroup;
			children = (
				6EB7A17424471E38001702FA /* NetworkHelper.swift */,
			);
			path = Services;
			sourceTree = "<group>";
		};
/* End PBXGroup section */

/* Begin PBXNativeTarget section */
		6E502D17244484CF00406A80 /* Machine_Task_Ranjana */ = {
			isa = PBXNativeTarget;
			buildConfigurationList = 6E502D42244484D100406A80 /* Build configuration list for PBXNativeTarget "Machine_Task_Ranjana" */;
			buildPhases = (
				74F712C4C24561612D8D34B1 /* [CP] Check Pods Manifest.lock */,
				6E502D14244484CF00406A80 /* Sources */,
				6E502D15244484CF00406A80 /* Frameworks */,
				6E502D16244484CF00406A80 /* Resources */,
				4AB115594F48BD1EC0E65A3A /* [CP] Embed Pods Frameworks */,
			);
			buildRules = (
			);
			dependencies = (
			);
			name = Machine_Task_Ranjana;
			productName = Machine_Task_Ranjana;
			productReference = 6E502D18244484CF00406A80 /* Machine_Task_Ranjana.app */;
			productType = "com.apple.product-type.application";
		};
		6E502D2D244484D100406A80 /* Machine_Task_RanjanaTests */ = {
			isa = PBXNativeTarget;
			buildConfigurationList = 6E502D45244484D100406A80 /* Build configuration list for PBXNativeTarget "Machine_Task_RanjanaTests" */;
			buildPhases = (
				8D201CFB02EFC73E9C69FE5E /* [CP] Check Pods Manifest.lock */,
				6E502D2A244484D100406A80 /* Sources */,
				6E502D2B244484D100406A80 /* Frameworks */,
				6E502D2C244484D100406A80 /* Resources */,
			);
			buildRules = (
			);
			dependencies = (
				6E502D30244484D100406A80 /* PBXTargetDependency */,
			);
			name = Machine_Task_RanjanaTests;
			productName = Machine_Task_RanjanaTests;
			productReference = 6E502D2E244484D100406A80 /* Machine_Task_RanjanaTests.xctest */;
			productType = "com.apple.product-type.bundle.unit-test";
		};
		6E502D38244484D100406A80 /* Machine_Task_RanjanaUITests */ = {
			isa = PBXNativeTarget;
			buildConfigurationList = 6E502D48244484D100406A80 /* Build configuration list for PBXNativeTarget "Machine_Task_RanjanaUITests" */;
			buildPhases = (
				85DD26B4FE97F35A1DDBE0E8 /* [CP] Check Pods Manifest.lock */,
				6E502D35244484D100406A80 /* Sources */,
				6E502D36244484D100406A80 /* Frameworks */,
				6E502D37244484D100406A80 /* Resources */,
				CBF39F85FBD28201A3936DF5 /* [CP] Embed Pods Frameworks */,
			);
			buildRules = (
			);
			dependencies = (
				6E502D3B244484D100406A80 /* PBXTargetDependency */,
			);
			name = Machine_Task_RanjanaUITests;
			productName = Machine_Task_RanjanaUITests;
			productReference = 6E502D39244484D100406A80 /* Machine_Task_RanjanaUITests.xctest */;
			productType = "com.apple.product-type.bundle.ui-testing";
		};
/* End PBXNativeTarget section */

/* Begin PBXProject section */
		6E502D10244484CF00406A80 /* Project object */ = {
			isa = PBXProject;
			attributes = {
				LastSwiftUpdateCheck = 1140;
				LastUpgradeCheck = 1140;
				ORGANIZATIONNAME = "Ranjana Sharma";
				TargetAttributes = {
					6E502D17244484CF00406A80 = {
						CreatedOnToolsVersion = 11.4;
					};
					6E502D2D244484D100406A80 = {
						CreatedOnToolsVersion = 11.4;
						TestTargetID = 6E502D17244484CF00406A80;
					};
					6E502D38244484D100406A80 = {
						CreatedOnToolsVersion = 11.4;
						TestTargetID = 6E502D17244484CF00406A80;
					};
				};
			};
			buildConfigurationList = 6E502D13244484CF00406A80 /* Build configuration list for PBXProject "Machine_Task_Ranjana" */;
			compatibilityVersion = "Xcode 9.3";
			developmentRegion = en;
			hasScannedForEncodings = 0;
			knownRegions = (
				en,
				Base,
			);
			mainGroup = 6E502D0F244484CF00406A80;
			productRefGroup = 6E502D19244484CF00406A80 /* Products */;
			projectDirPath = "";
			projectRoot = "";
			targets = (
				6E502D17244484CF00406A80 /* Machine_Task_Ranjana */,
				6E502D2D244484D100406A80 /* Machine_Task_RanjanaTests */,
				6E502D38244484D100406A80 /* Machine_Task_RanjanaUITests */,
			);
		};
/* End PBXProject section */

/* Begin PBXResourcesBuildPhase section */
		6E502D16244484CF00406A80 /* Resources */ = {
			isa = PBXResourcesBuildPhase;
			buildActionMask = 2147483647;
			files = (
				6E502D28244484D100406A80 /* LaunchScreen.storyboard in Resources */,
				6E502D25244484D100406A80 /* Assets.xcassets in Resources */,
				6E502D23244484CF00406A80 /* Main.storyboard in Resources */,
			);
			runOnlyForDeploymentPostprocessing = 0;
		};
		6E502D2C244484D100406A80 /* Resources */ = {
			isa = PBXResourcesBuildPhase;
			buildActionMask = 2147483647;
			files = (
			);
			runOnlyForDeploymentPostprocessing = 0;
		};
		6E502D37244484D100406A80 /* Resources */ = {
			isa = PBXResourcesBuildPhase;
			buildActionMask = 2147483647;
			files = (
			);
			runOnlyForDeploymentPostprocessing = 0;
		};
/* End PBXResourcesBuildPhase section */

/* Begin PBXShellScriptBuildPhase section */
		4AB115594F48BD1EC0E65A3A /* [CP] Embed Pods Frameworks */ = {
			isa = PBXShellScriptBuildPhase;
			buildActionMask = 2147483647;
			files = (
			);
			inputFileListPaths = (
				"${PODS_ROOT}/Target Support Files/Pods-Machine_Task_Ranjana/Pods-Machine_Task_Ranjana-frameworks-${CONFIGURATION}-input-files.xcfilelist",
			);
			name = "[CP] Embed Pods Frameworks";
			outputFileListPaths = (
				"${PODS_ROOT}/Target Support Files/Pods-Machine_Task_Ranjana/Pods-Machine_Task_Ranjana-frameworks-${CONFIGURATION}-output-files.xcfilelist",
			);
			runOnlyForDeploymentPostprocessing = 0;
			shellPath = /bin/sh;
			shellScript = "\"${PODS_ROOT}/Target Support Files/Pods-Machine_Task_Ranjana/Pods-Machine_Task_Ranjana-frameworks.sh\"\n";
			showEnvVarsInLog = 0;
		};
		74F712C4C24561612D8D34B1 /* [CP] Check Pods Manifest.lock */ = {
			isa = PBXShellScriptBuildPhase;
			buildActionMask = 2147483647;
			files = (
			);
			inputFileListPaths = (
			);
			inputPaths = (
				"${PODS_PODFILE_DIR_PATH}/Podfile.lock",
				"${PODS_ROOT}/Manifest.lock",
			);
			name = "[CP] Check Pods Manifest.lock";
			outputFileListPaths = (
			);
			outputPaths = (
				"$(DERIVED_FILE_DIR)/Pods-Machine_Task_Ranjana-checkManifestLockResult.txt",
			);
			runOnlyForDeploymentPostprocessing = 0;
			shellPath = /bin/sh;
			shellScript = "diff \"${PODS_PODFILE_DIR_PATH}/Podfile.lock\" \"${PODS_ROOT}/Manifest.lock\" > /dev/null\nif [ $? != 0 ] ; then\n    # print error to STDERR\n    echo \"error: The sandbox is not in sync with the Podfile.lock. Run 'pod install' or update your CocoaPods installation.\" >&2\n    exit 1\nfi\n# This output is used by Xcode 'outputs' to avoid re-running this script phase.\necho \"SUCCESS\" > \"${SCRIPT_OUTPUT_FILE_0}\"\n";
			showEnvVarsInLog = 0;
		};
		85DD26B4FE97F35A1DDBE0E8 /* [CP] Check Pods Manifest.lock */ = {
			isa = PBXShellScriptBuildPhase;
			buildActionMask = 2147483647;
			files = (
			);
			inputFileListPaths = (
			);
			inputPaths = (
				"${PODS_PODFILE_DIR_PATH}/Podfile.lock",
				"${PODS_ROOT}/Manifest.lock",
			);
			name = "[CP] Check Pods Manifest.lock";
			outputFileListPaths = (
			);
			outputPaths = (
				"$(DERIVED_FILE_DIR)/Pods-Machine_Task_Ranjana-Machine_Task_RanjanaUITests-checkManifestLockResult.txt",
			);
			runOnlyForDeploymentPostprocessing = 0;
			shellPath = /bin/sh;
			shellScript = "diff \"${PODS_PODFILE_DIR_PATH}/Podfile.lock\" \"${PODS_ROOT}/Manifest.lock\" > /dev/null\nif [ $? != 0 ] ; then\n    # print error to STDERR\n    echo \"error: The sandbox is not in sync with the Podfile.lock. Run 'pod install' or update your CocoaPods installation.\" >&2\n    exit 1\nfi\n# This output is used by Xcode 'outputs' to avoid re-running this script phase.\necho \"SUCCESS\" > \"${SCRIPT_OUTPUT_FILE_0}\"\n";
			showEnvVarsInLog = 0;
		};
		8D201CFB02EFC73E9C69FE5E /* [CP] Check Pods Manifest.lock */ = {
			isa = PBXShellScriptBuildPhase;
			buildActionMask = 2147483647;
			files = (
			);
			inputFileListPaths = (
			);
			inputPaths = (
				"${PODS_PODFILE_DIR_PATH}/Podfile.lock",
				"${PODS_ROOT}/Manifest.lock",
			);
			name = "[CP] Check Pods Manifest.lock";
			outputFileListPaths = (
			);
			outputPaths = (
				"$(DERIVED_FILE_DIR)/Pods-Machine_Task_RanjanaTests-checkManifestLockResult.txt",
			);
			runOnlyForDeploymentPostprocessing = 0;
			shellPath = /bin/sh;
			shellScript = "diff \"${PODS_PODFILE_DIR_PATH}/Podfile.lock\" \"${PODS_ROOT}/Manifest.lock\" > /dev/null\nif [ $? != 0 ] ; then\n    # print error to STDERR\n    echo \"error: The sandbox is not in sync with the Podfile.lock. Run 'pod install' or update your CocoaPods installation.\" >&2\n    exit 1\nfi\n# This output is used by Xcode 'outputs' to avoid re-running this script phase.\necho \"SUCCESS\" > \"${SCRIPT_OUTPUT_FILE_0}\"\n";
			showEnvVarsInLog = 0;
		};
		CBF39F85FBD28201A3936DF5 /* [CP] Embed Pods Frameworks */ = {
			isa = PBXShellScriptBuildPhase;
			buildActionMask = 2147483647;
			files = (
			);
			inputFileListPaths = (
				"${PODS_ROOT}/Target Support Files/Pods-Machine_Task_Ranjana-Machine_Task_RanjanaUITests/Pods-Machine_Task_Ranjana-Machine_Task_RanjanaUITests-frameworks-${CONFIGURATION}-input-files.xcfilelist",
			);
			name = "[CP] Embed Pods Frameworks";
			outputFileListPaths = (
				"${PODS_ROOT}/Target Support Files/Pods-Machine_Task_Ranjana-Machine_Task_RanjanaUITests/Pods-Machine_Task_Ranjana-Machine_Task_RanjanaUITests-frameworks-${CONFIGURATION}-output-files.xcfilelist",
			);
			runOnlyForDeploymentPostprocessing = 0;
			shellPath = /bin/sh;
			shellScript = "\"${PODS_ROOT}/Target Support Files/Pods-Machine_Task_Ranjana-Machine_Task_RanjanaUITests/Pods-Machine_Task_Ranjana-Machine_Task_RanjanaUITests-frameworks.sh\"\n";
			showEnvVarsInLog = 0;
		};
/* End PBXShellScriptBuildPhase section */

/* Begin PBXSourcesBuildPhase section */
		6E502D14244484CF00406A80 /* Sources */ = {
			isa = PBXSourcesBuildPhase;
			buildActionMask = 2147483647;
			files = (
				6EB7A1772447297D001702FA /* EmployeeListTableViewCell.swift in Sources */,
				6EB7A16624470938001702FA /* LoginViewController.swift in Sources */,
				6EB7A17024470DEF001702FA /* CreateEmployeeModel.swift in Sources */,
				6EB7A17524471E38001702FA /* NetworkHelper.swift in Sources */,
				6E502D1C244484CF00406A80 /* AppDelegate.swift in Sources */,
				6EB7A17224470E00001702FA /* EmployeeListModel.swift in Sources */,
				6EB7A16E24470DCC001702FA /* RecordTemplate.swift in Sources */,
				6E502D1E244484CF00406A80 /* SceneDelegate.swift in Sources */,
				6EB7A16C24470A34001702FA /* EmployeesTableViewController.swift in Sources */,
				6EB7A16A244709E3001702FA /* CreateEmployeeViewController.swift in Sources */,
				6EB7A1682447094A001702FA /* DashboardViewController.swift in Sources */,
			);
			runOnlyForDeploymentPostprocessing = 0;
		};
		6E502D2A244484D100406A80 /* Sources */ = {
			isa = PBXSourcesBuildPhase;
			buildActionMask = 2147483647;
			files = (
				6E502D33244484D100406A80 /* Machine_Task_RanjanaTests.swift in Sources */,
			);
			runOnlyForDeploymentPostprocessing = 0;
		};
		6E502D35244484D100406A80 /* Sources */ = {
			isa = PBXSourcesBuildPhase;
			buildActionMask = 2147483647;
			files = (
				6E502D3E244484D100406A80 /* Machine_Task_RanjanaUITests.swift in Sources */,
			);
			runOnlyForDeploymentPostprocessing = 0;
		};
/* End PBXSourcesBuildPhase section */

/* Begin PBXTargetDependency section */
		6E502D30244484D100406A80 /* PBXTargetDependency */ = {
			isa = PBXTargetDependency;
			target = 6E502D17244484CF00406A80 /* Machine_Task_Ranjana */;
			targetProxy = 6E502D2F244484D100406A80 /* PBXContainerItemProxy */;
		};
		6E502D3B244484D100406A80 /* PBXTargetDependency */ = {
			isa = PBXTargetDependency;
			target = 6E502D17244484CF00406A80 /* Machine_Task_Ranjana */;
			targetProxy = 6E502D3A244484D100406A80 /* PBXContainerItemProxy */;
		};
/* End PBXTargetDependency section */

/* Begin PBXVariantGroup section */
		6E502D21244484CF00406A80 /* Main.storyboard */ = {
			isa = PBXVariantGroup;
			children = (
				6E502D22244484CF00406A80 /* Base */,
			);
			name = Main.storyboard;
			sourceTree = "<group>";
		};
		6E502D26244484D100406A80 /* LaunchScreen.storyboard */ = {
			isa = PBXVariantGroup;
			children = (
				6E502D27244484D100406A80 /* Base */,
			);
			name = LaunchScreen.storyboard;
			sourceTree = "<group>";
		};
/* End PBXVariantGroup section */

/* Begin XCBuildConfiguration section */
		6E502D40244484D100406A80 /* Debug */ = {
			isa = XCBuildConfiguration;
			buildSettings = {
				ALWAYS_SEARCH_USER_PATHS = NO;
				CLANG_ANALYZER_NONNULL = YES;
				CLANG_ANALYZER_NUMBER_OBJECT_CONVERSION = YES_AGGRESSIVE;
				CLANG_CXX_LANGUAGE_STANDARD = "gnu++14";
				CLANG_CXX_LIBRARY = "libc++";
				CLANG_ENABLE_MODULES = YES;
				CLANG_ENABLE_OBJC_ARC = YES;
				CLANG_ENABLE_OBJC_WEAK = YES;
				CLANG_WARN_BLOCK_CAPTURE_AUTORELEASING = YES;
				CLANG_WARN_BOOL_CONVERSION = YES;
				CLANG_WARN_COMMA = YES;
				CLANG_WARN_CONSTANT_CONVERSION = YES;
				CLANG_WARN_DEPRECATED_OBJC_IMPLEMENTATIONS = YES;
				CLANG_WARN_DIRECT_OBJC_ISA_USAGE = YES_ERROR;
				CLANG_WARN_DOCUMENTATION_COMMENTS = YES;
				CLANG_WARN_EMPTY_BODY = YES;
				CLANG_WARN_ENUM_CONVERSION = YES;
				CLANG_WARN_INFINITE_RECURSION = YES;
				CLANG_WARN_INT_CONVERSION = YES;
				CLANG_WARN_NON_LITERAL_NULL_CONVERSION = YES;
				CLANG_WARN_OBJC_IMPLICIT_RETAIN_SELF = YES;
				CLANG_WARN_OBJC_LITERAL_CONVERSION = YES;
				CLANG_WARN_OBJC_ROOT_CLASS = YES_ERROR;
				CLANG_WARN_RANGE_LOOP_ANALYSIS = YES;
				CLANG_WARN_STRICT_PROTOTYPES = YES;
				CLANG_WARN_SUSPICIOUS_MOVE = YES;
				CLANG_WARN_UNGUARDED_AVAILABILITY = YES_AGGRESSIVE;
				CLANG_WARN_UNREACHABLE_CODE = YES;
				CLANG_WARN__DUPLICATE_METHOD_MATCH = YES;
				COPY_PHASE_STRIP = NO;
				DEBUG_INFORMATION_FORMAT = dwarf;
				ENABLE_STRICT_OBJC_MSGSEND = YES;
				ENABLE_TESTABILITY = YES;
				GCC_C_LANGUAGE_STANDARD = gnu11;
				GCC_DYNAMIC_NO_PIC = NO;
				GCC_NO_COMMON_BLOCKS = YES;
				GCC_OPTIMIZATION_LEVEL = 0;
				GCC_PREPROCESSOR_DEFINITIONS = (
					"DEBUG=1",
					"$(inherited)",
				);
				GCC_WARN_64_TO_32_BIT_CONVERSION = YES;
				GCC_WARN_ABOUT_RETURN_TYPE = YES_ERROR;
				GCC_WARN_UNDECLARED_SELECTOR = YES;
				GCC_WARN_UNINITIALIZED_AUTOS = YES_AGGRESSIVE;
				GCC_WARN_UNUSED_FUNCTION = YES;
				GCC_WARN_UNUSED_VARIABLE = YES;
				IPHONEOS_DEPLOYMENT_TARGET = 13.4;
				MTL_ENABLE_DEBUG_INFO = INCLUDE_SOURCE;
				MTL_FAST_MATH = YES;
				ONLY_ACTIVE_ARCH = YES;
				SDKROOT = iphoneos;
				SWIFT_ACTIVE_COMPILATION_CONDITIONS = DEBUG;
				SWIFT_OPTIMIZATION_LEVEL = "-Onone";
			};
			name = Debug;
		};
		6E502D41244484D100406A80 /* Release */ = {
			isa = XCBuildConfiguration;
			buildSettings = {
				ALWAYS_SEARCH_USER_PATHS = NO;
				CLANG_ANALYZER_NONNULL = YES;
				CLANG_ANALYZER_NUMBER_OBJECT_CONVERSION = YES_AGGRESSIVE;
				CLANG_CXX_LANGUAGE_STANDARD = "gnu++14";
				CLANG_CXX_LIBRARY = "libc++";
				CLANG_ENABLE_MODULES = YES;
				CLANG_ENABLE_OBJC_ARC = YES;
				CLANG_ENABLE_OBJC_WEAK = YES;
				CLANG_WARN_BLOCK_CAPTURE_AUTORELEASING = YES;
				CLANG_WARN_BOOL_CONVERSION = YES;
				CLANG_WARN_COMMA = YES;
				CLANG_WARN_CONSTANT_CONVERSION = YES;
				CLANG_WARN_DEPRECATED_OBJC_IMPLEMENTATIONS = YES;
				CLANG_WARN_DIRECT_OBJC_ISA_USAGE = YES_ERROR;
				CLANG_WARN_DOCUMENTATION_COMMENTS = YES;
				CLANG_WARN_EMPTY_BODY = YES;
				CLANG_WARN_ENUM_CONVERSION = YES;
				CLANG_WARN_INFINITE_RECURSION = YES;
				CLANG_WARN_INT_CONVERSION = YES;
				CLANG_WARN_NON_LITERAL_NULL_CONVERSION = YES;
				CLANG_WARN_OBJC_IMPLICIT_RETAIN_SELF = YES;
				CLANG_WARN_OBJC_LITERAL_CONVERSION = YES;
				CLANG_WARN_OBJC_ROOT_CLASS = YES_ERROR;
				CLANG_WARN_RANGE_LOOP_ANALYSIS = YES;
				CLANG_WARN_STRICT_PROTOTYPES = YES;
				CLANG_WARN_SUSPICIOUS_MOVE = YES;
				CLANG_WARN_UNGUARDED_AVAILABILITY = YES_AGGRESSIVE;
				CLANG_WARN_UNREACHABLE_CODE = YES;
				CLANG_WARN__DUPLICATE_METHOD_MATCH = YES;
				COPY_PHASE_STRIP = NO;
				DEBUG_INFORMATION_FORMAT = "dwarf-with-dsym";
				ENABLE_NS_ASSERTIONS = NO;
				ENABLE_STRICT_OBJC_MSGSEND = YES;
				GCC_C_LANGUAGE_STANDARD = gnu11;
				GCC_NO_COMMON_BLOCKS = YES;
				GCC_WARN_64_TO_32_BIT_CONVERSION = YES;
				GCC_WARN_ABOUT_RETURN_TYPE = YES_ERROR;
				GCC_WARN_UNDECLARED_SELECTOR = YES;
				GCC_WARN_UNINITIALIZED_AUTOS = YES_AGGRESSIVE;
				GCC_WARN_UNUSED_FUNCTION = YES;
				GCC_WARN_UNUSED_VARIABLE = YES;
				IPHONEOS_DEPLOYMENT_TARGET = 13.4;
				MTL_ENABLE_DEBUG_INFO = NO;
				MTL_FAST_MATH = YES;
				SDKROOT = iphoneos;
				SWIFT_COMPILATION_MODE = wholemodule;
				SWIFT_OPTIMIZATION_LEVEL = "-O";
				VALIDATE_PRODUCT = YES;
			};
			name = Release;
		};
		6E502D43244484D100406A80 /* Debug */ = {
			isa = XCBuildConfiguration;
			baseConfigurationReference = D3FD4900E19C12D8AE037D25 /* Pods-Machine_Task_Ranjana.debug.xcconfig */;
			buildSettings = {
				ASSETCATALOG_COMPILER_APPICON_NAME = AppIcon;
				CODE_SIGN_STYLE = Automatic;
				INFOPLIST_FILE = Machine_Task_Ranjana/Info.plist;
				LD_RUNPATH_SEARCH_PATHS = (
					"$(inherited)",
					"@executable_path/Frameworks",
				);
				PRODUCT_BUNDLE_IDENTIFIER = "Ranjana-Sharma.Machine-Task-Ranjana";
				PRODUCT_NAME = "$(TARGET_NAME)";
				SWIFT_VERSION = 5.0;
				TARGETED_DEVICE_FAMILY = "1,2";
			};
			name = Debug;
		};
		6E502D44244484D100406A80 /* Release */ = {
			isa = XCBuildConfiguration;
			baseConfigurationReference = B41CA6F8EA8F7AA9E707C236 /* Pods-Machine_Task_Ranjana.release.xcconfig */;
			buildSettings = {
				ASSETCATALOG_COMPILER_APPICON_NAME = AppIcon;
				CODE_SIGN_STYLE = Automatic;
				INFOPLIST_FILE = Machine_Task_Ranjana/Info.plist;
				LD_RUNPATH_SEARCH_PATHS = (
					"$(inherited)",
					"@executable_path/Frameworks",
				);
				PRODUCT_BUNDLE_IDENTIFIER = "Ranjana-Sharma.Machine-Task-Ranjana";
				PRODUCT_NAME = "$(TARGET_NAME)";
				SWIFT_VERSION = 5.0;
				TARGETED_DEVICE_FAMILY = "1,2";
			};
			name = Release;
		};
		6E502D46244484D100406A80 /* Debug */ = {
			isa = XCBuildConfiguration;
			baseConfigurationReference = B6D0F0DF9CCD690985CE829E /* Pods-Machine_Task_RanjanaTests.debug.xcconfig */;
			buildSettings = {
				ALWAYS_EMBED_SWIFT_STANDARD_LIBRARIES = YES;
				BUNDLE_LOADER = "$(TEST_HOST)";
				CODE_SIGN_STYLE = Automatic;
				INFOPLIST_FILE = Machine_Task_RanjanaTests/Info.plist;
				IPHONEOS_DEPLOYMENT_TARGET = 13.4;
				LD_RUNPATH_SEARCH_PATHS = (
					"$(inherited)",
					"@executable_path/Frameworks",
					"@loader_path/Frameworks",
				);
				PRODUCT_BUNDLE_IDENTIFIER = "Ranjana-Sharma.Machine-Task-RanjanaTests";
				PRODUCT_NAME = "$(TARGET_NAME)";
				SWIFT_VERSION = 5.0;
				TARGETED_DEVICE_FAMILY = "1,2";
				TEST_HOST = "$(BUILT_PRODUCTS_DIR)/Machine_Task_Ranjana.app/Machine_Task_Ranjana";
			};
			name = Debug;
		};
		6E502D47244484D100406A80 /* Release */ = {
			isa = XCBuildConfiguration;
			baseConfigurationReference = 22FA1C8DF707518F1C007DC0 /* Pods-Machine_Task_RanjanaTests.release.xcconfig */;
			buildSettings = {
				ALWAYS_EMBED_SWIFT_STANDARD_LIBRARIES = YES;
				BUNDLE_LOADER = "$(TEST_HOST)";
				CODE_SIGN_STYLE = Automatic;
				INFOPLIST_FILE = Machine_Task_RanjanaTests/Info.plist;
				IPHONEOS_DEPLOYMENT_TARGET = 13.4;
				LD_RUNPATH_SEARCH_PATHS = (
					"$(inherited)",
					"@executable_path/Frameworks",
					"@loader_path/Frameworks",
				);
				PRODUCT_BUNDLE_IDENTIFIER = "Ranjana-Sharma.Machine-Task-RanjanaTests";
				PRODUCT_NAME = "$(TARGET_NAME)";
				SWIFT_VERSION = 5.0;
				TARGETED_DEVICE_FAMILY = "1,2";
				TEST_HOST = "$(BUILT_PRODUCTS_DIR)/Machine_Task_Ranjana.app/Machine_Task_Ranjana";
			};
			name = Release;
		};
		6E502D49244484D100406A80 /* Debug */ = {
			isa = XCBuildConfiguration;
			baseConfigurationReference = 0281ED9B564397B80C233A8F /* Pods-Machine_Task_Ranjana-Machine_Task_RanjanaUITests.debug.xcconfig */;
			buildSettings = {
				ALWAYS_EMBED_SWIFT_STANDARD_LIBRARIES = YES;
				CODE_SIGN_STYLE = Automatic;
				INFOPLIST_FILE = Machine_Task_RanjanaUITests/Info.plist;
				LD_RUNPATH_SEARCH_PATHS = (
					"$(inherited)",
					"@executable_path/Frameworks",
					"@loader_path/Frameworks",
				);
				PRODUCT_BUNDLE_IDENTIFIER = "Ranjana-Sharma.Machine-Task-RanjanaUITests";
				PRODUCT_NAME = "$(TARGET_NAME)";
				SWIFT_VERSION = 5.0;
				TARGETED_DEVICE_FAMILY = "1,2";
				TEST_TARGET_NAME = Machine_Task_Ranjana;
			};
			name = Debug;
		};
		6E502D4A244484D100406A80 /* Release */ = {
			isa = XCBuildConfiguration;
			baseConfigurationReference = 90621E0BCF36A17066DB2AE1 /* Pods-Machine_Task_Ranjana-Machine_Task_RanjanaUITests.release.xcconfig */;
			buildSettings = {
				ALWAYS_EMBED_SWIFT_STANDARD_LIBRARIES = YES;
				CODE_SIGN_STYLE = Automatic;
				INFOPLIST_FILE = Machine_Task_RanjanaUITests/Info.plist;
				LD_RUNPATH_SEARCH_PATHS = (
					"$(inherited)",
					"@executable_path/Frameworks",
					"@loader_path/Frameworks",
				);
				PRODUCT_BUNDLE_IDENTIFIER = "Ranjana-Sharma.Machine-Task-RanjanaUITests";
				PRODUCT_NAME = "$(TARGET_NAME)";
				SWIFT_VERSION = 5.0;
				TARGETED_DEVICE_FAMILY = "1,2";
				TEST_TARGET_NAME = Machine_Task_Ranjana;
			};
			name = Release;
		};
/* End XCBuildConfiguration section */

/* Begin XCConfigurationList section */
		6E502D13244484CF00406A80 /* Build configuration list for PBXProject "Machine_Task_Ranjana" */ = {
			isa = XCConfigurationList;
			buildConfigurations = (
				6E502D40244484D100406A80 /* Debug */,
				6E502D41244484D100406A80 /* Release */,
			);
			defaultConfigurationIsVisible = 0;
			defaultConfigurationName = Release;
		};
		6E502D42244484D100406A80 /* Build configuration list for PBXNativeTarget "Machine_Task_Ranjana" */ = {
			isa = XCConfigurationList;
			buildConfigurations = (
				6E502D43244484D100406A80 /* Debug */,
				6E502D44244484D100406A80 /* Release */,
			);
			defaultConfigurationIsVisible = 0;
			defaultConfigurationName = Release;
		};
		6E502D45244484D100406A80 /* Build configuration list for PBXNativeTarget "Machine_Task_RanjanaTests" */ = {
			isa = XCConfigurationList;
			buildConfigurations = (
				6E502D46244484D100406A80 /* Debug */,
				6E502D47244484D100406A80 /* Release */,
			);
			defaultConfigurationIsVisible = 0;
			defaultConfigurationName = Release;
		};
		6E502D48244484D100406A80 /* Build configuration list for PBXNativeTarget "Machine_Task_RanjanaUITests" */ = {
			isa = XCConfigurationList;
			buildConfigurations = (
				6E502D49244484D100406A80 /* Debug */,
				6E502D4A244484D100406A80 /* Release */,
			);
			defaultConfigurationIsVisible = 0;
			defaultConfigurationName = Release;
		};
/* End XCConfigurationList section */
	};
	rootObject = 6E502D10244484CF00406A80 /* Project object */;
}
